
Microsoft Visual Studio Solution File, Format Version 12.00
# Visual Studio 14
VisualStudioVersion = 14.0.25123.0
MinimumVisualStudioVersion = 10.0.40219.1
Project("{FAE04EC0-301F-11D3-BF4B-00C04F79EFBC}") = "CDMenu 1.6", "CDMenu 1.6.csproj", "{091B5BE3-7197-45F0-B35B-FC4E45C0FBF2}"
EndProject
Project("{2150E333-8FDC-42A3-9474-1A3956D46DE8}") = "Solution Items", "Solution Items", "{695A1D5D-A71B-403A-A91B-237EA00F894F}"
	ProjectSection(SolutionItems) = preProject
		cdmenu - Copy (2).ico = cdmenu - Copy (2).ico
		ScratchCode.txt = ScratchCode.txt
	EndProjectSection
EndProject
Global
	GlobalSection(SolutionConfigurationPlatforms) = preSolution
		Debug|Any CPU = Debug|Any CPU
		Release|Any CPU = Release|Any CPU
	EndGlobalSection
	GlobalSection(ProjectConfigurationPlatforms) = postSolution
		{091B5BE3-7197-45F0-B35B-FC4E45C0FBF2}.Debug|Any CPU.ActiveCfg = Debug|Any CPU
		{091B5BE3-7197-45F0-B35B-FC4E45C0FBF2}.Debug|Any CPU.Build.0 = Debug|Any CPU
		{091B5BE3-7197-45F0-B35B-FC4E45C0FBF2}.Release|Any CPU.ActiveCfg = Release|Any CPU
		{091B5BE3-7197-45F0-B35B-FC4E45C0FBF2}.Release|Any CPU.Build.0 = Release|Any CPU
	EndGlobalSection
	GlobalSection(SolutionProperties) = preSolution
		HideSolutionNode = FALSE
	EndGlobalSection
EndGlobal
